// !$*UTF8*$!
{
	archiveVersion = 1;
	classes = {
	};
	objectVersion = 50;
	objects = {

/* Begin PBXBuildFile section */
		B643D9FB222ECFB0003CDB69 /* Themes.m in Sources */ = {isa = PBXBuildFile; fileRef = B643D9FA222ECFB0003CDB69 /* Themes.m */; };
		B6589E852247D3BB003BF3CB /* CoreData.swift in Sources */ = {isa = PBXBuildFile; fileRef = B6589E842247D3BB003BF3CB /* CoreData.swift */; };
		B6589E882247D7D6003BF3CB /* TinkoffChat.xcdatamodeld in Sources */ = {isa = PBXBuildFile; fileRef = B6589E862247D7D6003BF3CB /* TinkoffChat.xcdatamodeld */; };
		B6589E8B224A462D003BF3CB /* StorageManager.swift in Sources */ = {isa = PBXBuildFile; fileRef = B6589E8A224A462D003BF3CB /* StorageManager.swift */; };
		B666396E2240285A00BC8EB1 /* Communicator.swift in Sources */ = {isa = PBXBuildFile; fileRef = B666396D2240285A00BC8EB1 /* Communicator.swift */; };
		B666397122402C0B00BC8EB1 /* CommunicatorDelegate.swift in Sources */ = {isa = PBXBuildFile; fileRef = B666397022402C0B00BC8EB1 /* CommunicatorDelegate.swift */; };
		B66639732240334E00BC8EB1 /* CommunicatorManager.swift in Sources */ = {isa = PBXBuildFile; fileRef = B66639722240334E00BC8EB1 /* CommunicatorManager.swift */; };
		B66639752240515700BC8EB1 /* CommunicationViewController.swift in Sources */ = {isa = PBXBuildFile; fileRef = B66639742240515700BC8EB1 /* CommunicationViewController.swift */; };
		B66639772240D30B00BC8EB1 /* MultipeerCommunicator.swift in Sources */ = {isa = PBXBuildFile; fileRef = B66639762240D30B00BC8EB1 /* MultipeerCommunicator.swift */; };
		B6D0CFF222300A6000EB4DB2 /* ThemesViewController.storyboard in Resources */ = {isa = PBXBuildFile; fileRef = B6D0CFF022300A6000EB4DB2 /* ThemesViewController.storyboard */; };
		B6D0CFF52230625700EB4DB2 /* ConversationsListViewController.swift in Sources */ = {isa = PBXBuildFile; fileRef = B6056F0B222082B5008EAEB0 /* ConversationsListViewController.swift */; };
		B6D0CFF72230634900EB4DB2 /* ThemesViewController.m in Sources */ = {isa = PBXBuildFile; fileRef = B643D9F7222ECD36003CDB69 /* ThemesViewController.m */; };
		B6E02CD4220ED58600B9B1F4 /* AppDelegate.swift in Sources */ = {isa = PBXBuildFile; fileRef = B6E02CD3220ED58600B9B1F4 /* AppDelegate.swift */; };
		B6E02CD6220ED58600B9B1F4 /* ProfileViewController.swift in Sources */ = {isa = PBXBuildFile; fileRef = B6E02CD5220ED58600B9B1F4 /* ProfileViewController.swift */; };
		B6E02CD9220ED58600B9B1F4 /* Main.storyboard in Resources */ = {isa = PBXBuildFile; fileRef = B6E02CD7220ED58600B9B1F4 /* Main.storyboard */; };
		B6E02CDB220ED58700B9B1F4 /* Assets.xcassets in Resources */ = {isa = PBXBuildFile; fileRef = B6E02CDA220ED58700B9B1F4 /* Assets.xcassets */; };
		B6E02CDE220ED58700B9B1F4 /* LaunchScreen.storyboard in Resources */ = {isa = PBXBuildFile; fileRef = B6E02CDC220ED58700B9B1F4 /* LaunchScreen.storyboard */; };
		B6E103552235674F0043D5E2 /* DataManager.swift in Sources */ = {isa = PBXBuildFile; fileRef = B6E103542235674F0043D5E2 /* DataManager.swift */; };
		B6EBBD682222BE1B007A0062 /* TableViewCell.swift in Sources */ = {isa = PBXBuildFile; fileRef = B6EBBD672222BE1B007A0062 /* TableViewCell.swift */; };
		B6EBBD6A2222C609007A0062 /* EditCell.swift in Sources */ = {isa = PBXBuildFile; fileRef = B6EBBD692222C609007A0062 /* EditCell.swift */; };
		B6EBBD6C2223E27F007A0062 /* ChatViewController.swift in Sources */ = {isa = PBXBuildFile; fileRef = B6EBBD6B2223E27F007A0062 /* ChatViewController.swift */; };
		B6EBBD6E2224338D007A0062 /* CollectionViewCell.swift in Sources */ = {isa = PBXBuildFile; fileRef = B6EBBD6D2224338D007A0062 /* CollectionViewCell.swift */; };
		B6EBBD712224787A007A0062 /* Profile.storyboard in Resources */ = {isa = PBXBuildFile; fileRef = B6EBBD6F2224787A007A0062 /* Profile.storyboard */; };
		B6EBBD73222478C2007A0062 /* ChatViewController.storyboard in Resources */ = {isa = PBXBuildFile; fileRef = B6EBBD72222478C2007A0062 /* ChatViewController.storyboard */; };
		B6F134462218368A00F71FF1 /* placeholder-user.png in Resources */ = {isa = PBXBuildFile; fileRef = B6F13444221829A600F71FF1 /* placeholder-user.png */; };
/* End PBXBuildFile section */

/* Begin PBXFileReference section */
		B6056F0B222082B5008EAEB0 /* ConversationsListViewController.swift */ = {isa = PBXFileReference; lastKnownFileType = sourcecode.swift; path = ConversationsListViewController.swift; sourceTree = "<group>"; };
		B643D9F0222ECB6F003CDB69 /* TinkoffChat-Bridging-Header.h */ = {isa = PBXFileReference; lastKnownFileType = sourcecode.c.h; path = "TinkoffChat-Bridging-Header.h"; sourceTree = "<group>"; };
		B643D9F1222ECB6F003CDB69 /* ThemesViewControllerDelegate.h */ = {isa = PBXFileReference; lastKnownFileType = sourcecode.c.h; path = ThemesViewControllerDelegate.h; sourceTree = "<group>"; };
		B643D9F6222ECD36003CDB69 /* ThemesViewController.h */ = {isa = PBXFileReference; lastKnownFileType = sourcecode.c.h; path = ThemesViewController.h; sourceTree = "<group>"; };
		B643D9F7222ECD36003CDB69 /* ThemesViewController.m */ = {isa = PBXFileReference; lastKnownFileType = sourcecode.c.objc; path = ThemesViewController.m; sourceTree = "<group>"; };
		B643D9F9222ECFB0003CDB69 /* Themes.h */ = {isa = PBXFileReference; lastKnownFileType = sourcecode.c.h; path = Themes.h; sourceTree = "<group>"; };
		B643D9FA222ECFB0003CDB69 /* Themes.m */ = {isa = PBXFileReference; lastKnownFileType = sourcecode.c.objc; path = Themes.m; sourceTree = "<group>"; };
		B6589E842247D3BB003BF3CB /* CoreData.swift */ = {isa = PBXFileReference; lastKnownFileType = sourcecode.swift; path = CoreData.swift; sourceTree = "<group>"; };
		B6589E872247D7D6003BF3CB /* TinkoffChat.xcdatamodel */ = {isa = PBXFileReference; lastKnownFileType = wrapper.xcdatamodel; path = TinkoffChat.xcdatamodel; sourceTree = "<group>"; };
		B6589E8A224A462D003BF3CB /* StorageManager.swift */ = {isa = PBXFileReference; lastKnownFileType = sourcecode.swift; path = StorageManager.swift; sourceTree = "<group>"; };
		B666396D2240285A00BC8EB1 /* Communicator.swift */ = {isa = PBXFileReference; lastKnownFileType = sourcecode.swift; path = Communicator.swift; sourceTree = "<group>"; };
		B666397022402C0B00BC8EB1 /* CommunicatorDelegate.swift */ = {isa = PBXFileReference; lastKnownFileType = sourcecode.swift; path = CommunicatorDelegate.swift; sourceTree = "<group>"; };
		B66639722240334E00BC8EB1 /* CommunicatorManager.swift */ = {isa = PBXFileReference; lastKnownFileType = sourcecode.swift; path = CommunicatorManager.swift; sourceTree = "<group>"; };
		B66639742240515700BC8EB1 /* CommunicationViewController.swift */ = {isa = PBXFileReference; lastKnownFileType = sourcecode.swift; path = CommunicationViewController.swift; sourceTree = "<group>"; };
		B66639762240D30B00BC8EB1 /* MultipeerCommunicator.swift */ = {isa = PBXFileReference; lastKnownFileType = sourcecode.swift; path = MultipeerCommunicator.swift; sourceTree = "<group>"; };
		B6984315222FDD1F00924574 /* ThemesViewController.swift */ = {isa = PBXFileReference; lastKnownFileType = sourcecode.swift; path = ThemesViewController.swift; sourceTree = "<group>"; };
		B6D0CFF122300A6000EB4DB2 /* Base */ = {isa = PBXFileReference; lastKnownFileType = file.storyboard; name = Base; path = TinkoffChat/Base.lproj/ThemesViewController.storyboard; sourceTree = "<group>"; };
		B6E02CD0220ED58600B9B1F4 /* TinkoffChat.app */ = {isa = PBXFileReference; explicitFileType = wrapper.application; includeInIndex = 0; path = TinkoffChat.app; sourceTree = BUILT_PRODUCTS_DIR; };
		B6E02CD3220ED58600B9B1F4 /* AppDelegate.swift */ = {isa = PBXFileReference; lastKnownFileType = sourcecode.swift; path = AppDelegate.swift; sourceTree = "<group>"; };
		B6E02CD5220ED58600B9B1F4 /* ProfileViewController.swift */ = {isa = PBXFileReference; lastKnownFileType = sourcecode.swift; path = ProfileViewController.swift; sourceTree = "<group>"; };
		B6E02CD8220ED58600B9B1F4 /* Base */ = {isa = PBXFileReference; lastKnownFileType = file.storyboard; name = Base; path = Base.lproj/Main.storyboard; sourceTree = "<group>"; };
		B6E02CDA220ED58700B9B1F4 /* Assets.xcassets */ = {isa = PBXFileReference; lastKnownFileType = folder.assetcatalog; path = Assets.xcassets; sourceTree = "<group>"; };
		B6E02CDD220ED58700B9B1F4 /* Base */ = {isa = PBXFileReference; lastKnownFileType = file.storyboard; name = Base; path = Base.lproj/LaunchScreen.storyboard; sourceTree = "<group>"; };
		B6E02CDF220ED58700B9B1F4 /* Info.plist */ = {isa = PBXFileReference; lastKnownFileType = text.plist.xml; path = Info.plist; sourceTree = "<group>"; };
		B6E103542235674F0043D5E2 /* DataManager.swift */ = {isa = PBXFileReference; lastKnownFileType = sourcecode.swift; path = DataManager.swift; sourceTree = "<group>"; };
		B6EBBD672222BE1B007A0062 /* TableViewCell.swift */ = {isa = PBXFileReference; lastKnownFileType = sourcecode.swift; path = TableViewCell.swift; sourceTree = "<group>"; };
		B6EBBD692222C609007A0062 /* EditCell.swift */ = {isa = PBXFileReference; lastKnownFileType = sourcecode.swift; path = EditCell.swift; sourceTree = "<group>"; };
		B6EBBD6B2223E27F007A0062 /* ChatViewController.swift */ = {isa = PBXFileReference; lastKnownFileType = sourcecode.swift; path = ChatViewController.swift; sourceTree = "<group>"; };
		B6EBBD6D2224338D007A0062 /* CollectionViewCell.swift */ = {isa = PBXFileReference; lastKnownFileType = sourcecode.swift; path = CollectionViewCell.swift; sourceTree = "<group>"; };
		B6EBBD702224787A007A0062 /* Base */ = {isa = PBXFileReference; lastKnownFileType = file.storyboard; name = Base; path = TinkoffChat/Base.lproj/Profile.storyboard; sourceTree = "<group>"; };
		B6EBBD72222478C2007A0062 /* ChatViewController.storyboard */ = {isa = PBXFileReference; fileEncoding = 4; lastKnownFileType = file.storyboard; path = ChatViewController.storyboard; sourceTree = "<group>"; };
		B6F13444221829A600F71FF1 /* placeholder-user.png */ = {isa = PBXFileReference; lastKnownFileType = image.png; path = "placeholder-user.png"; sourceTree = "<group>"; };
/* End PBXFileReference section */

/* Begin PBXFrameworksBuildPhase section */
		B6E02CCD220ED58600B9B1F4 /* Frameworks */ = {
			isa = PBXFrameworksBuildPhase;
			buildActionMask = 2147483647;
			files = (
			);
			runOnlyForDeploymentPostprocessing = 0;
		};
/* End PBXFrameworksBuildPhase section */

/* Begin PBXGroup section */
		B643D9F2222ECB7F003CDB69 /* Objective-c_Files */ = {
			isa = PBXGroup;
			children = (
				B643D9F0222ECB6F003CDB69 /* TinkoffChat-Bridging-Header.h */,
				B643D9F1222ECB6F003CDB69 /* ThemesViewControllerDelegate.h */,
				B643D9F9222ECFB0003CDB69 /* Themes.h */,
				B643D9FA222ECFB0003CDB69 /* Themes.m */,
				B643D9F7222ECD36003CDB69 /* ThemesViewController.m */,
				B643D9F6222ECD36003CDB69 /* ThemesViewController.h */,
			);
			name = "Objective-c_Files";
			sourceTree = "<group>";
		};
		B6589E892247D7DE003BF3CB /* CoreData */ = {
			isa = PBXGroup;
			children = (
				B6589E842247D3BB003BF3CB /* CoreData.swift */,
				B6589E8A224A462D003BF3CB /* StorageManager.swift */,
				B6589E862247D7D6003BF3CB /* TinkoffChat.xcdatamodeld */,
			);
			name = CoreData;
			sourceTree = "<group>";
		};
		B666396F2240287900BC8EB1 /* Communication */ = {
			isa = PBXGroup;
			children = (
				B66639742240515700BC8EB1 /* CommunicationViewController.swift */,
				B66639762240D30B00BC8EB1 /* MultipeerCommunicator.swift */,
				B66639722240334E00BC8EB1 /* CommunicatorManager.swift */,
				B666396D2240285A00BC8EB1 /* Communicator.swift */,
				B666397022402C0B00BC8EB1 /* CommunicatorDelegate.swift */,
			);
			name = Communication;
			sourceTree = "<group>";
		};
		B6D0CFF322300E0300EB4DB2 /* Storyboards */ = {
			isa = PBXGroup;
			children = (
				B6E02CD7220ED58600B9B1F4 /* Main.storyboard */,
				B6D0CFF022300A6000EB4DB2 /* ThemesViewController.storyboard */,
				B6EBBD72222478C2007A0062 /* ChatViewController.storyboard */,
				B6EBBD6F2224787A007A0062 /* Profile.storyboard */,
			);
			name = Storyboards;
			sourceTree = "<group>";
		};
		B6E02CC7220ED58600B9B1F4 = {
			isa = PBXGroup;
			children = (
				B6E02CD2220ED58600B9B1F4 /* TinkoffChat */,
				B6E02CD1220ED58600B9B1F4 /* Products */,
			);
			sourceTree = "<group>";
		};
		B6E02CD1220ED58600B9B1F4 /* Products */ = {
			isa = PBXGroup;
			children = (
				B6E02CD0220ED58600B9B1F4 /* TinkoffChat.app */,
			);
			name = Products;
			sourceTree = "<group>";
		};
		B6E02CD2220ED58600B9B1F4 /* TinkoffChat */ = {
			isa = PBXGroup;
			children = (
				B6F134432218299900F71FF1 /* Photoes */,
				B6E02CD3220ED58600B9B1F4 /* AppDelegate.swift */,
				B6D0CFF322300E0300EB4DB2 /* Storyboards */,
				B6984315222FDD1F00924574 /* ThemesViewController.swift */,
				B643D9F2222ECB7F003CDB69 /* Objective-c_Files */,
				B6E10353223523860043D5E2 /* Conversations */,
				B6E103512235233E0043D5E2 /* Chat */,
				B6E10352223523580043D5E2 /* Profile */,
				B6EBBD692222C609007A0062 /* EditCell.swift */,
				B6589E892247D7DE003BF3CB /* CoreData */,
				B666396F2240287900BC8EB1 /* Communication */,
				B6E02CDA220ED58700B9B1F4 /* Assets.xcassets */,
				B6E02CDC220ED58700B9B1F4 /* LaunchScreen.storyboard */,
				B6E02CDF220ED58700B9B1F4 /* Info.plist */,
			);
			path = TinkoffChat;
			sourceTree = "<group>";
		};
		B6E103512235233E0043D5E2 /* Chat */ = {
			isa = PBXGroup;
			children = (
				B6EBBD6B2223E27F007A0062 /* ChatViewController.swift */,
				B6EBBD6D2224338D007A0062 /* CollectionViewCell.swift */,
			);
			name = Chat;
			sourceTree = "<group>";
		};
		B6E10352223523580043D5E2 /* Profile */ = {
			isa = PBXGroup;
			children = (
				B6E02CD5220ED58600B9B1F4 /* ProfileViewController.swift */,
				B6E103542235674F0043D5E2 /* DataManager.swift */,
			);
			name = Profile;
			sourceTree = "<group>";
		};
		B6E10353223523860043D5E2 /* Conversations */ = {
			isa = PBXGroup;
			children = (
				B6056F0B222082B5008EAEB0 /* ConversationsListViewController.swift */,
				B6EBBD672222BE1B007A0062 /* TableViewCell.swift */,
			);
			name = Conversations;
			sourceTree = "<group>";
		};
		B6F134432218299900F71FF1 /* Photoes */ = {
			isa = PBXGroup;
			children = (
				B6F13444221829A600F71FF1 /* placeholder-user.png */,
			);
			name = Photoes;
			sourceTree = "<group>";
		};
/* End PBXGroup section */

/* Begin PBXNativeTarget section */
		B6E02CCF220ED58600B9B1F4 /* TinkoffChat */ = {
			isa = PBXNativeTarget;
			buildConfigurationList = B6E02CE2220ED58700B9B1F4 /* Build configuration list for PBXNativeTarget "TinkoffChat" */;
			buildPhases = (
				B6E02CCC220ED58600B9B1F4 /* Sources */,
				B6E02CCD220ED58600B9B1F4 /* Frameworks */,
				B6E02CCE220ED58600B9B1F4 /* Resources */,
			);
			buildRules = (
			);
			dependencies = (
			);
			name = TinkoffChat;
			productName = DZ_1;
			productReference = B6E02CD0220ED58600B9B1F4 /* TinkoffChat.app */;
			productType = "com.apple.product-type.application";
		};
/* End PBXNativeTarget section */

/* Begin PBXProject section */
		B6E02CC8220ED58600B9B1F4 /* Project object */ = {
			isa = PBXProject;
			attributes = {
				LastSwiftUpdateCheck = 1010;
				LastUpgradeCheck = 1010;
				ORGANIZATIONNAME = "Антон Шуплецов";
				TargetAttributes = {
					B6E02CCF220ED58600B9B1F4 = {
						CreatedOnToolsVersion = 10.1;
						LastSwiftMigration = 1010;
					};
				};
			};
			buildConfigurationList = B6E02CCB220ED58600B9B1F4 /* Build configuration list for PBXProject "TinkoffChat" */;
			compatibilityVersion = "Xcode 9.3";
			developmentRegion = en;
			hasScannedForEncodings = 0;
			knownRegions = (
				en,
				Base,
			);
			mainGroup = B6E02CC7220ED58600B9B1F4;
			productRefGroup = B6E02CD1220ED58600B9B1F4 /* Products */;
			projectDirPath = "";
			projectRoot = "";
			targets = (
				B6E02CCF220ED58600B9B1F4 /* TinkoffChat */,
			);
		};
/* End PBXProject section */

/* Begin PBXResourcesBuildPhase section */
		B6E02CCE220ED58600B9B1F4 /* Resources */ = {
			isa = PBXResourcesBuildPhase;
			buildActionMask = 2147483647;
			files = (
				B6EBBD712224787A007A0062 /* Profile.storyboard in Resources */,
				B6E02CDE220ED58700B9B1F4 /* LaunchScreen.storyboard in Resources */,
				B6D0CFF222300A6000EB4DB2 /* ThemesViewController.storyboard in Resources */,
				B6EBBD73222478C2007A0062 /* ChatViewController.storyboard in Resources */,
				B6E02CDB220ED58700B9B1F4 /* Assets.xcassets in Resources */,
				B6F134462218368A00F71FF1 /* placeholder-user.png in Resources */,
				B6E02CD9220ED58600B9B1F4 /* Main.storyboard in Resources */,
			);
			runOnlyForDeploymentPostprocessing = 0;
		};
/* End PBXResourcesBuildPhase section */

/* Begin PBXSourcesBuildPhase section */
		B6E02CCC220ED58600B9B1F4 /* Sources */ = {
			isa = PBXSourcesBuildPhase;
			buildActionMask = 2147483647;
			files = (
				B666396E2240285A00BC8EB1 /* Communicator.swift in Sources */,
				B666397122402C0B00BC8EB1 /* CommunicatorDelegate.swift in Sources */,
				B66639772240D30B00BC8EB1 /* MultipeerCommunicator.swift in Sources */,
				B6589E8B224A462D003BF3CB /* StorageManager.swift in Sources */,
				B6E02CD6220ED58600B9B1F4 /* ProfileViewController.swift in Sources */,
				B6EBBD682222BE1B007A0062 /* TableViewCell.swift in Sources */,
				B66639732240334E00BC8EB1 /* CommunicatorManager.swift in Sources */,
				B6E103552235674F0043D5E2 /* DataManager.swift in Sources */,
				B6D0CFF72230634900EB4DB2 /* ThemesViewController.m in Sources */,
				B6D0CFF52230625700EB4DB2 /* ConversationsListViewController.swift in Sources */,
				B6EBBD6A2222C609007A0062 /* EditCell.swift in Sources */,
				B6EBBD6E2224338D007A0062 /* CollectionViewCell.swift in Sources */,
				B6E02CD4220ED58600B9B1F4 /* AppDelegate.swift in Sources */,
				B6589E852247D3BB003BF3CB /* CoreData.swift in Sources */,
				B6589E882247D7D6003BF3CB /* TinkoffChat.xcdatamodeld in Sources */,
				B66639752240515700BC8EB1 /* CommunicationViewController.swift in Sources */,
				B6EBBD6C2223E27F007A0062 /* ChatViewController.swift in Sources */,
				B643D9FB222ECFB0003CDB69 /* Themes.m in Sources */,
			);
			runOnlyForDeploymentPostprocessing = 0;
		};
/* End PBXSourcesBuildPhase section */

/* Begin PBXVariantGroup section */
		B6D0CFF022300A6000EB4DB2 /* ThemesViewController.storyboard */ = {
			isa = PBXVariantGroup;
			children = (
				B6D0CFF122300A6000EB4DB2 /* Base */,
			);
			name = ThemesViewController.storyboard;
			sourceTree = "<group>";
		};
		B6E02CD7220ED58600B9B1F4 /* Main.storyboard */ = {
			isa = PBXVariantGroup;
			children = (
				B6E02CD8220ED58600B9B1F4 /* Base */,
			);
			name = Main.storyboard;
			sourceTree = "<group>";
		};
		B6E02CDC220ED58700B9B1F4 /* LaunchScreen.storyboard */ = {
			isa = PBXVariantGroup;
			children = (
				B6E02CDD220ED58700B9B1F4 /* Base */,
			);
			name = LaunchScreen.storyboard;
			sourceTree = "<group>";
		};
		B6EBBD6F2224787A007A0062 /* Profile.storyboard */ = {
			isa = PBXVariantGroup;
			children = (
				B6EBBD702224787A007A0062 /* Base */,
			);
			name = Profile.storyboard;
			sourceTree = "<group>";
		};
/* End PBXVariantGroup section */

/* Begin XCBuildConfiguration section */
		B6E02CE0220ED58700B9B1F4 /* Debug */ = {
			isa = XCBuildConfiguration;
			buildSettings = {
				ALWAYS_SEARCH_USER_PATHS = NO;
				CLANG_ANALYZER_NONNULL = YES;
				CLANG_ANALYZER_NUMBER_OBJECT_CONVERSION = YES_AGGRESSIVE;
				CLANG_CXX_LANGUAGE_STANDARD = "gnu++14";
				CLANG_CXX_LIBRARY = "libc++";
				CLANG_ENABLE_MODULES = YES;
				CLANG_ENABLE_OBJC_ARC = YES;
				CLANG_ENABLE_OBJC_WEAK = YES;
				CLANG_WARN_BLOCK_CAPTURE_AUTORELEASING = YES;
				CLANG_WARN_BOOL_CONVERSION = YES;
				CLANG_WARN_COMMA = YES;
				CLANG_WARN_CONSTANT_CONVERSION = YES;
				CLANG_WARN_DEPRECATED_OBJC_IMPLEMENTATIONS = YES;
				CLANG_WARN_DIRECT_OBJC_ISA_USAGE = YES_ERROR;
				CLANG_WARN_DOCUMENTATION_COMMENTS = YES;
				CLANG_WARN_EMPTY_BODY = YES;
				CLANG_WARN_ENUM_CONVERSION = YES;
				CLANG_WARN_INFINITE_RECURSION = YES;
				CLANG_WARN_INT_CONVERSION = YES;
				CLANG_WARN_NON_LITERAL_NULL_CONVERSION = YES;
				CLANG_WARN_OBJC_IMPLICIT_RETAIN_SELF = YES;
				CLANG_WARN_OBJC_LITERAL_CONVERSION = YES;
				CLANG_WARN_OBJC_ROOT_CLASS = YES_ERROR;
				CLANG_WARN_RANGE_LOOP_ANALYSIS = YES;
				CLANG_WARN_STRICT_PROTOTYPES = YES;
				CLANG_WARN_SUSPICIOUS_MOVE = YES;
				CLANG_WARN_UNGUARDED_AVAILABILITY = YES_AGGRESSIVE;
				CLANG_WARN_UNREACHABLE_CODE = YES;
				CLANG_WARN__DUPLICATE_METHOD_MATCH = YES;
				CODE_SIGN_IDENTITY = "iPhone Developer";
				COPY_PHASE_STRIP = NO;
				DEBUG_INFORMATION_FORMAT = dwarf;
				ENABLE_STRICT_OBJC_MSGSEND = YES;
				ENABLE_TESTABILITY = YES;
				GCC_C_LANGUAGE_STANDARD = gnu11;
				GCC_DYNAMIC_NO_PIC = NO;
				GCC_NO_COMMON_BLOCKS = YES;
				GCC_OPTIMIZATION_LEVEL = 0;
				GCC_PREPROCESSOR_DEFINITIONS = (
					"DEBUG=1",
					"$(inherited)",
				);
				GCC_WARN_64_TO_32_BIT_CONVERSION = YES;
				GCC_WARN_ABOUT_RETURN_TYPE = YES_ERROR;
				GCC_WARN_UNDECLARED_SELECTOR = YES;
				GCC_WARN_UNINITIALIZED_AUTOS = YES_AGGRESSIVE;
				GCC_WARN_UNUSED_FUNCTION = YES;
				GCC_WARN_UNUSED_VARIABLE = YES;
				IPHONEOS_DEPLOYMENT_TARGET = 12.1;
				MTL_ENABLE_DEBUG_INFO = INCLUDE_SOURCE;
				MTL_FAST_MATH = YES;
				ONLY_ACTIVE_ARCH = YES;
				SDKROOT = iphoneos;
				SWIFT_ACTIVE_COMPILATION_CONDITIONS = DEBUG;
				SWIFT_OPTIMIZATION_LEVEL = "-Onone";
			};
			name = Debug;
		};
		B6E02CE1220ED58700B9B1F4 /* Release */ = {
			isa = XCBuildConfiguration;
			buildSettings = {
				ALWAYS_SEARCH_USER_PATHS = NO;
				CLANG_ANALYZER_NONNULL = YES;
				CLANG_ANALYZER_NUMBER_OBJECT_CONVERSION = YES_AGGRESSIVE;
				CLANG_CXX_LANGUAGE_STANDARD = "gnu++14";
				CLANG_CXX_LIBRARY = "libc++";
				CLANG_ENABLE_MODULES = YES;
				CLANG_ENABLE_OBJC_ARC = YES;
				CLANG_ENABLE_OBJC_WEAK = YES;
				CLANG_WARN_BLOCK_CAPTURE_AUTORELEASING = YES;
				CLANG_WARN_BOOL_CONVERSION = YES;
				CLANG_WARN_COMMA = YES;
				CLANG_WARN_CONSTANT_CONVERSION = YES;
				CLANG_WARN_DEPRECATED_OBJC_IMPLEMENTATIONS = YES;
				CLANG_WARN_DIRECT_OBJC_ISA_USAGE = YES_ERROR;
				CLANG_WARN_DOCUMENTATION_COMMENTS = YES;
				CLANG_WARN_EMPTY_BODY = YES;
				CLANG_WARN_ENUM_CONVERSION = YES;
				CLANG_WARN_INFINITE_RECURSION = YES;
				CLANG_WARN_INT_CONVERSION = YES;
				CLANG_WARN_NON_LITERAL_NULL_CONVERSION = YES;
				CLANG_WARN_OBJC_IMPLICIT_RETAIN_SELF = YES;
				CLANG_WARN_OBJC_LITERAL_CONVERSION = YES;
				CLANG_WARN_OBJC_ROOT_CLASS = YES_ERROR;
				CLANG_WARN_RANGE_LOOP_ANALYSIS = YES;
				CLANG_WARN_STRICT_PROTOTYPES = YES;
				CLANG_WARN_SUSPICIOUS_MOVE = YES;
				CLANG_WARN_UNGUARDED_AVAILABILITY = YES_AGGRESSIVE;
				CLANG_WARN_UNREACHABLE_CODE = YES;
				CLANG_WARN__DUPLICATE_METHOD_MATCH = YES;
				CODE_SIGN_IDENTITY = "iPhone Developer";
				COPY_PHASE_STRIP = NO;
				DEBUG_INFORMATION_FORMAT = "dwarf-with-dsym";
				ENABLE_NS_ASSERTIONS = NO;
				ENABLE_STRICT_OBJC_MSGSEND = YES;
				GCC_C_LANGUAGE_STANDARD = gnu11;
				GCC_NO_COMMON_BLOCKS = YES;
				GCC_WARN_64_TO_32_BIT_CONVERSION = YES;
				GCC_WARN_ABOUT_RETURN_TYPE = YES_ERROR;
				GCC_WARN_UNDECLARED_SELECTOR = YES;
				GCC_WARN_UNINITIALIZED_AUTOS = YES_AGGRESSIVE;
				GCC_WARN_UNUSED_FUNCTION = YES;
				GCC_WARN_UNUSED_VARIABLE = YES;
				IPHONEOS_DEPLOYMENT_TARGET = 12.1;
				MTL_ENABLE_DEBUG_INFO = NO;
				MTL_FAST_MATH = YES;
				SDKROOT = iphoneos;
				SWIFT_COMPILATION_MODE = wholemodule;
				SWIFT_OPTIMIZATION_LEVEL = "-O";
				VALIDATE_PRODUCT = YES;
			};
			name = Release;
		};
		B6E02CE3220ED58700B9B1F4 /* Debug */ = {
			isa = XCBuildConfiguration;
			buildSettings = {
				ASSETCATALOG_COMPILER_APPICON_NAME = AppIcon;
				CLANG_ENABLE_MODULES = YES;
				CLANG_ENABLE_OBJC_ARC = NO;
				CODE_SIGN_IDENTITY = "iPhone Developer";
				CODE_SIGN_STYLE = Automatic;
				DEVELOPMENT_TEAM = KL7GLHZ84U;
				INFOPLIST_FILE = "$(SRCROOT)/TinkoffChat/Info.plist";
				IPHONEOS_DEPLOYMENT_TARGET = 11.0;
				LD_RUNPATH_SEARCH_PATHS = (
					"$(inherited)",
					"@executable_path/Frameworks",
				);
				PRODUCT_BUNDLE_IDENTIFIER = "Anton-Shupletsov.DZ-1";
				PRODUCT_NAME = "$(TARGET_NAME)";
				PROVISIONING_PROFILE_SPECIFIER = "";
				SWIFT_ENABLE_BATCH_MODE = NO;
				SWIFT_OBJC_BRIDGING_HEADER = "TinkoffChat/TinkoffChat-Bridging-Header.h";
				SWIFT_OPTIMIZATION_LEVEL = "-Onone";
				SWIFT_VERSION = 4.2;
				TARGETED_DEVICE_FAMILY = 1;
			};
			name = Debug;
		};
		B6E02CE4220ED58700B9B1F4 /* Release */ = {
			isa = XCBuildConfiguration;
			buildSettings = {
				ASSETCATALOG_COMPILER_APPICON_NAME = AppIcon;
				CLANG_ENABLE_MODULES = YES;
				CLANG_ENABLE_OBJC_ARC = NO;
				CODE_SIGN_IDENTITY = "iPhone Developer";
				CODE_SIGN_STYLE = Automatic;
				DEVELOPMENT_TEAM = KL7GLHZ84U;
				INFOPLIST_FILE = "$(SRCROOT)/TinkoffChat/Info.plist";
				IPHONEOS_DEPLOYMENT_TARGET = 11.0;
				LD_RUNPATH_SEARCH_PATHS = (
					"$(inherited)",
					"@executable_path/Frameworks",
				);
				PRODUCT_BUNDLE_IDENTIFIER = "Anton-Shupletsov.DZ-1";
				PRODUCT_NAME = "$(TARGET_NAME)";
				PROVISIONING_PROFILE_SPECIFIER = "";
				SWIFT_ENABLE_BATCH_MODE = NO;
				SWIFT_OBJC_BRIDGING_HEADER = "TinkoffChat/TinkoffChat-Bridging-Header.h";
				SWIFT_VERSION = 4.2;
				TARGETED_DEVICE_FAMILY = 1;
			};
			name = Release;
		};
/* End XCBuildConfiguration section */

/* Begin XCConfigurationList section */
		B6E02CCB220ED58600B9B1F4 /* Build configuration list for PBXProject "TinkoffChat" */ = {
			isa = XCConfigurationList;
			buildConfigurations = (
				B6E02CE0220ED58700B9B1F4 /* Debug */,
				B6E02CE1220ED58700B9B1F4 /* Release */,
			);
			defaultConfigurationIsVisible = 0;
			defaultConfigurationName = Release;
		};
		B6E02CE2220ED58700B9B1F4 /* Build configuration list for PBXNativeTarget "TinkoffChat" */ = {
			isa = XCConfigurationList;
			buildConfigurations = (
				B6E02CE3220ED58700B9B1F4 /* Debug */,
				B6E02CE4220ED58700B9B1F4 /* Release */,
			);
			defaultConfigurationIsVisible = 0;
			defaultConfigurationName = Release;
		};
/* End XCConfigurationList section */

/* Begin XCVersionGroup section */
		B6589E862247D7D6003BF3CB /* TinkoffChat.xcdatamodeld */ = {
			isa = XCVersionGroup;
			children = (
				B6589E872247D7D6003BF3CB /* TinkoffChat.xcdatamodel */,
			);
			currentVersion = B6589E872247D7D6003BF3CB /* TinkoffChat.xcdatamodel */;
			path = TinkoffChat.xcdatamodeld;
			sourceTree = "<group>";
			versionGroupType = wrapper.xcdatamodel;
		};
/* End XCVersionGroup section */
	};
	rootObject = B6E02CC8220ED58600B9B1F4 /* Project object */;
}
